
Microsoft Visual Studio Solution File, Format Version 12.00
# Visual Studio Version 17
VisualStudioVersion = 17.5.002.0
MinimumVisualStudioVersion = 10.0.40219.1
Project("{2150E333-8FDC-42A3-9474-1A3956D46DE8}") = "src", "src", "{53D52D40-FDD4-440A-A02B-7A8DADC6E771}"
EndProject
Project("{9A19103F-16F7-4668-BE54-9A1E7A4F7556}") = "DrPepperCureAll", "src\DrPepperCureAll\DrPepperCureAll.csproj", "{B2AABA08-274F-4E22-82BC-436CD68911D9}"
EndProject
Global
	GlobalSection(SolutionConfigurationPlatforms) = preSolution
		Debug|Any CPU = Debug|Any CPU
		Release|Any CPU = Release|Any CPU
	EndGlobalSection
	GlobalSection(ProjectConfigurationPlatforms) = postSolution
		{B2AABA08-274F-4E22-82BC-436CD68911D9}.Debug|Any CPU.ActiveCfg = Debug|Any CPU
		{B2AABA08-274F-4E22-82BC-436CD68911D9}.Debug|Any CPU.Build.0 = Debug|Any CPU
		{B2AABA08-274F-4E22-82BC-436CD68911D9}.Release|Any CPU.ActiveCfg = Release|Any CPU
		{B2AABA08-274F-4E22-82BC-436CD68911D9}.Release|Any CPU.Build.0 = Release|Any CPU
	EndGlobalSection
	GlobalSection(SolutionProperties) = preSolution
		HideSolutionNode = FALSE
	EndGlobalSection
	GlobalSection(NestedProjects) = preSolution
		{B2AABA08-274F-4E22-82BC-436CD68911D9} = {53D52D40-FDD4-440A-A02B-7A8DADC6E771}
	EndGlobalSection
	GlobalSection(ExtensibilityGlobals) = postSolution
		SolutionGuid = {92F6D475-68F0-44D6-A1AF-A28F5948E381}
	EndGlobalSection
EndGlobal
